
Microsoft Visual Studio Solution File, Format Version 12.00
# Visual Studio Version 17
VisualStudioVersion = 17.6.33829.357
MinimumVisualStudioVersion = 10.0.40219.1
Project("{9A19103F-16F7-4668-BE54-9A1E7A4F7556}") = "BestStoriesAPI", "BestStoriesAPI\BestStoriesAPI.csproj", "{5F13B6A1-2F38-4CFE-8E18-057E1CCA34C4}"
EndProject
Project("{9A19103F-16F7-4668-BE54-9A1E7A4F7556}") = "BestStoriesAPI.Tests", "BestStoriesAPI.Tests\BestStoriesAPI.Tests.csproj", "{98BA9D7E-7630-416A-8B56-7D832B1AAC02}"
EndProject
Global
	GlobalSection(SolutionConfigurationPlatforms) = preSolution
		Debug|Any CPU = Debug|Any CPU
		Release|Any CPU = Release|Any CPU
	EndGlobalSection
	GlobalSection(ProjectConfigurationPlatforms) = postSolution
		{5F13B6A1-2F38-4CFE-8E18-057E1CCA34C4}.Debug|Any CPU.ActiveCfg = Debug|Any CPU
		{5F13B6A1-2F38-4CFE-8E18-057E1CCA34C4}.Debug|Any CPU.Build.0 = Debug|Any CPU
		{5F13B6A1-2F38-4CFE-8E18-057E1CCA34C4}.Release|Any CPU.ActiveCfg = Release|Any CPU
		{5F13B6A1-2F38-4CFE-8E18-057E1CCA34C4}.Release|Any CPU.Build.0 = Release|Any CPU
		{98BA9D7E-7630-416A-8B56-7D832B1AAC02}.Debug|Any CPU.ActiveCfg = Debug|Any CPU
		{98BA9D7E-7630-416A-8B56-7D832B1AAC02}.Debug|Any CPU.Build.0 = Debug|Any CPU
		{98BA9D7E-7630-416A-8B56-7D832B1AAC02}.Release|Any CPU.ActiveCfg = Release|Any CPU
		{98BA9D7E-7630-416A-8B56-7D832B1AAC02}.Release|Any CPU.Build.0 = Release|Any CPU
	EndGlobalSection
	GlobalSection(SolutionProperties) = preSolution
		HideSolutionNode = FALSE
	EndGlobalSection
	GlobalSection(ExtensibilityGlobals) = postSolution
		SolutionGuid = {E4B4DD1F-7CA9-40C4-B3E6-AB63B9DEB0FA}
	EndGlobalSection
EndGlobal
